{
  "version": 4,
  "terraform_version": "1.6.3",
  "serial": 820,
  "lineage": "2b87ae7d-8cd4-896c-b8af-9248d2f06523",
  "outputs": {},
  "resources": [
    {
      "mode": "data",
      "type": "aws_ami",
      "name": "ubuntu",
      "provider": "provider[\"registry.terraform.io/hashicorp/aws\"]",
      "instances": [
        {
          "schema_version": 0,
          "attributes": {
            "architecture": "x86_64",
            "arn": "arn:aws:ec2:us-east-1::image/ami-0a640b520696dc6a8",
            "block_device_mappings": [
              {
                "device_name": "/dev/sda1",
                "ebs": {
                  "delete_on_termination": "true",
                  "encrypted": "false",
                  "iops": "0",
                  "snapshot_id": "snap-0b2f634d20657cad6",
                  "throughput": "0",
                  "volume_size": "8",
                  "volume_type": "gp2"
                },
                "no_device": "",
                "virtual_name": ""
              },
              {
                "device_name": "/dev/sdb",
                "ebs": {},
                "no_device": "",
                "virtual_name": "ephemeral0"
              },
              {
                "device_name": "/dev/sdc",
                "ebs": {},
                "no_device": "",
                "virtual_name": "ephemeral1"
              }
            ],
            "boot_mode": "uefi-preferred",
            "creation_date": "2024-06-14T04:33:08.000Z",
            "deprecation_time": "2026-06-14T04:33:08.000Z",
            "description": "Canonical, Ubuntu, 22.04 LTS, amd64 jammy image build on 2024-06-14",
            "ena_support": true,
            "executable_users": null,
            "filter": [
              {
                "name": "name",
                "values": [
                  "ubuntu/images/hvm-ssd/ubuntu-jammy-22.04-amd64-server-*"
                ]
              },
              {
                "name": "virtualization-type",
                "values": [
                  "hvm"
                ]
              }
            ],
            "hypervisor": "xen",
            "id": "ami-0a640b520696dc6a8",
            "image_id": "ami-0a640b520696dc6a8",
            "image_location": "amazon/ubuntu/images/hvm-ssd/ubuntu-jammy-22.04-amd64-server-20240614",
            "image_owner_alias": "amazon",
            "image_type": "machine",
            "imds_support": "",
            "include_deprecated": false,
            "kernel_id": "",
            "most_recent": true,
            "name": "ubuntu/images/hvm-ssd/ubuntu-jammy-22.04-amd64-server-20240614",
            "name_regex": null,
            "owner_id": "099720109477",
            "owners": [
              "099720109477"
            ],
            "platform": "",
            "platform_details": "Linux/UNIX",
            "product_codes": [],
            "public": true,
            "ramdisk_id": "",
            "root_device_name": "/dev/sda1",
            "root_device_type": "ebs",
            "root_snapshot_id": "snap-0b2f634d20657cad6",
            "sriov_net_support": "simple",
            "state": "available",
            "state_reason": {
              "code": "UNSET",
              "message": "UNSET"
            },
            "tags": {},
            "timeouts": null,
            "tpm_support": "",
            "usage_operation": "RunInstances",
            "virtualization_type": "hvm"
          },
          "sensitive_attributes": []
        }
      ]
    },
    {
      "mode": "managed",
      "type": "aws_eip",
      "name": "server_blockchain_elastic_ip",
      "provider": "provider[\"registry.terraform.io/hashicorp/aws\"]",
      "instances": [
        {
          "schema_version": 0,
          "attributes": {
            "address": null,
            "allocation_id": "eipalloc-0cd68e85ca5fe71c8",
            "arn": "arn:aws:ec2:us-east-1:975050200162:elastic-ip/eipalloc-0cd68e85ca5fe71c8",
            "associate_with_private_ip": "10.0.1.100",
            "association_id": "eipassoc-0f3d439bde69fa8b1",
            "carrier_ip": "",
            "customer_owned_ip": "",
            "customer_owned_ipv4_pool": "",
            "domain": "vpc",
            "id": "eipalloc-0cd68e85ca5fe71c8",
            "instance": "i-0dd3060a2d04c5a89",
            "network_border_group": "us-east-1",
            "network_interface": "eni-02e9e95467a752b78",
            "private_dns": "ip-10-0-1-100.ec2.internal",
            "private_ip": "10.0.1.100",
            "ptr_record": "",
            "public_dns": "ec2-34-202-27-130.compute-1.amazonaws.com",
            "public_ip": "34.202.27.130",
            "public_ipv4_pool": "amazon",
            "tags": {
              "Name": "Elasctic-IP-For-Prod-Server"
            },
            "tags_all": {
              "Name": "Elasctic-IP-For-Prod-Server"
            },
            "timeouts": null,
            "vpc": true
          },
          "sensitive_attributes": [],
          "private": "eyJlMmJmYjczMC1lY2FhLTExZTYtOGY4OC0zNDM2M2JjN2M0YzAiOnsiZGVsZXRlIjoxODAwMDAwMDAwMDAsInJlYWQiOjkwMDAwMDAwMDAwMCwidXBkYXRlIjozMDAwMDAwMDAwMDB9fQ==",
          "dependencies": [
            "aws_instance.server-blockchain",
            "aws_key_pair.deployer",
            "aws_network_interface.tesis_network_interface",
            "aws_security_group.tesis_blokchain_server_security_group",
            "aws_subnet.tesis_public_subnet",
            "aws_vpc.tesis_vpc",
            "data.aws_ami.ubuntu",
            "tls_private_key.key-proy"
          ]
        }
      ]
    },
    {
      "mode": "managed",
      "type": "aws_instance",
      "name": "server-blockchain",
      "provider": "provider[\"registry.terraform.io/hashicorp/aws\"]",
      "instances": [
        {
          "schema_version": 1,
          "attributes": {
            "ami": "ami-0a640b520696dc6a8",
            "arn": "arn:aws:ec2:us-east-1:975050200162:instance/i-0dd3060a2d04c5a89",
            "associate_public_ip_address": false,
            "availability_zone": "us-east-1e",
            "capacity_reservation_specification": [
              {
                "capacity_reservation_preference": "open",
                "capacity_reservation_target": []
              }
            ],
            "cpu_core_count": 2,
            "cpu_options": [
              {
                "amd_sev_snp": "",
                "core_count": 2,
                "threads_per_core": 1
              }
            ],
            "cpu_threads_per_core": 1,
            "credit_specification": [
              {
                "cpu_credits": "standard"
              }
            ],
            "disable_api_stop": false,
            "disable_api_termination": false,
            "ebs_block_device": [],
            "ebs_optimized": false,
            "enclave_options": [
              {
                "enabled": false
              }
            ],
            "ephemeral_block_device": [],
            "get_password_data": false,
            "hibernation": false,
            "host_id": "",
            "host_resource_group_arn": null,
            "iam_instance_profile": "",
            "id": "i-0dd3060a2d04c5a89",
            "instance_initiated_shutdown_behavior": "stop",
            "instance_lifecycle": "",
            "instance_market_options": [],
            "instance_state": "running",
            "instance_type": "t2.medium",
            "ipv6_address_count": 0,
            "ipv6_addresses": [],
            "key_name": "deployer-key",
            "launch_template": [],
            "maintenance_options": [
              {
                "auto_recovery": "default"
              }
            ],
            "metadata_options": [
              {
                "http_endpoint": "enabled",
                "http_protocol_ipv6": "disabled",
                "http_put_response_hop_limit": 1,
                "http_tokens": "optional",
                "instance_metadata_tags": "disabled"
              }
            ],
            "monitoring": false,
            "network_interface": [
              {
                "delete_on_termination": false,
                "device_index": 0,
                "network_card_index": 0,
                "network_interface_id": "eni-02e9e95467a752b78"
              }
            ],
            "outpost_arn": "",
            "password_data": "",
            "placement_group": "",
            "placement_partition_number": 0,
            "primary_network_interface_id": "eni-02e9e95467a752b78",
            "private_dns": "ip-10-0-1-100.ec2.internal",
            "private_dns_name_options": [
              {
                "enable_resource_name_dns_a_record": false,
                "enable_resource_name_dns_aaaa_record": false,
                "hostname_type": "ip-name"
              }
            ],
            "private_ip": "10.0.1.100",
            "public_dns": "",
            "public_ip": "",
            "root_block_device": [
              {
                "delete_on_termination": true,
                "device_name": "/dev/sda1",
                "encrypted": false,
                "iops": 100,
                "kms_key_id": "",
                "tags": null,
                "tags_all": {},
                "throughput": 0,
                "volume_id": "vol-0859b97240554a648",
                "volume_size": 20,
                "volume_type": "gp2"
              }
            ],
            "secondary_private_ips": [],
            "security_groups": [],
            "source_dest_check": true,
            "spot_instance_request_id": "",
            "subnet_id": "subnet-08c0e6164c9b5ea82",
            "tags": {
              "Name": "Server-Prod-Blockchain"
            },
            "tags_all": {
              "Name": "Server-Prod-Blockchain"
            },
            "tenancy": "default",
            "timeouts": null,
            "user_data": null,
            "user_data_base64": null,
            "user_data_replace_on_change": false,
            "volume_tags": null,
            "vpc_security_group_ids": [
              "sg-06ae11bfd1bb01e4e"
            ]
          },
          "sensitive_attributes": [],
          "private": "eyJlMmJmYjczMC1lY2FhLTExZTYtOGY4OC0zNDM2M2JjN2M0YzAiOnsiY3JlYXRlIjo2MDAwMDAwMDAwMDAsImRlbGV0ZSI6MTIwMDAwMDAwMDAwMCwicmVhZCI6OTAwMDAwMDAwMDAwLCJ1cGRhdGUiOjYwMDAwMDAwMDAwMH0sInNjaGVtYV92ZXJzaW9uIjoiMSJ9",
          "dependencies": [
            "aws_key_pair.deployer",
            "aws_network_interface.tesis_network_interface",
            "aws_security_group.tesis_blokchain_server_security_group",
            "aws_subnet.tesis_public_subnet",
            "aws_vpc.tesis_vpc",
            "data.aws_ami.ubuntu",
            "tls_private_key.key-proy"
          ]
        }
      ]
    },
    {
      "mode": "managed",
      "type": "aws_internet_gateway",
      "name": "tesis_public_internet_gateway",
      "provider": "provider[\"registry.terraform.io/hashicorp/aws\"]",
      "instances": [
        {
          "schema_version": 0,
          "attributes": {
            "arn": "arn:aws:ec2:us-east-1:975050200162:internet-gateway/igw-07af46d64ac45d910",
            "id": "igw-07af46d64ac45d910",
            "owner_id": "975050200162",
            "tags": null,
            "tags_all": {},
            "timeouts": null,
            "vpc_id": "vpc-04256d44a6aefeb14"
          },
          "sensitive_attributes": [],
          "private": "eyJlMmJmYjczMC1lY2FhLTExZTYtOGY4OC0zNDM2M2JjN2M0YzAiOnsiY3JlYXRlIjoxMjAwMDAwMDAwMDAwLCJkZWxldGUiOjEyMDAwMDAwMDAwMDAsInVwZGF0ZSI6MTIwMDAwMDAwMDAwMH19",
          "dependencies": [
            "aws_vpc.tesis_vpc"
          ]
        }
      ]
    },
    {
      "mode": "managed",
      "type": "aws_key_pair",
      "name": "deployer",
      "provider": "provider[\"registry.terraform.io/hashicorp/aws\"]",
      "instances": [
        {
          "schema_version": 1,
          "attributes": {
            "arn": "arn:aws:ec2:us-east-1:975050200162:key-pair/deployer-key",
            "fingerprint": "18:1a:5c:f0:70:d8:f0:e7:df:1f:b2:7a:31:a8:67:bd",
            "id": "deployer-key",
            "key_name": "deployer-key",
            "key_name_prefix": "",
            "key_pair_id": "key-0b1e6f46d7ee26f4d",
            "key_type": "rsa",
            "public_key": "ssh-rsa AAAAB3NzaC1yc2EAAAADAQABAAACAQCwBGkyDs75iHqrURoBWzRGsk1gyqkwkS98Y2mgDU4uKx4j+fVUPlGZsSQpK1v0VNu3IKTEwKhRDiELpMKe9QBVGTuUbe2w4DpHLgc4dRIBJhg0X4vWUscL5MnFVYgvUEco7efUOSXdFVirHYfaBKdT9hPL0k6JxRJCZR8AdfEK9KFOQP/qecCsT7d9B7xf20g4KDaASQfpJy3DoKKqTUugXRAnLjaP1JDe1cssj07vFqXA3Ep7kkbNyPuwtrKvb25x9yOVqzIqPvd6n+TnpQ1IEL1oWk293vg0nTveoCrOOabBojAEIr0BG8wRXeKL7Rt3iXLnCt4qRYqBYrnpJxI3VlHlURNa+dZXCVAGDzD//hPv43eFDDUwPirq6nCcpuAkOh1shdtTi6ZBeF6g6fQ2KcNoT1EfSc387yxXAa/7/cc8TLXnnQTnpYNri87V032tH8H/Y5BtCdZrh+51wRv/V0ek8FRDn6899Q9qDHu0a5RxX3inNUiXdOWpP3CN0YqlFpK3enyRf2taWnGkz2VxZo+ZMRnOvSZ2PoWJ83tk5AVHEukbr92iyqINKlKicHZLPo7JkInkgkI6sI9NM8VBaDbQcvByGITHeMLR3S1EYpAQ7Mdk9Frzacl1gUyVze6L6KY65tii+lmeRtVAAwz4wvn4yMGcN8hsWcOAqic7Vw==",
            "tags": null,
            "tags_all": {}
          },
          "sensitive_attributes": [],
          "private": "eyJzY2hlbWFfdmVyc2lvbiI6IjEifQ==",
          "dependencies": [
            "tls_private_key.key-proy"
          ]
        }
      ]
    },
    {
      "mode": "managed",
      "type": "aws_network_interface",
      "name": "tesis_network_interface",
      "provider": "provider[\"registry.terraform.io/hashicorp/aws\"]",
      "instances": [
        {
          "schema_version": 0,
          "attributes": {
            "arn": "arn:aws:ec2:us-east-1:975050200162:network-interface/eni-02e9e95467a752b78",
            "attachment": [],
            "description": "",
            "id": "eni-02e9e95467a752b78",
            "interface_type": "interface",
            "ipv4_prefix_count": 0,
            "ipv4_prefixes": [],
            "ipv6_address_count": 0,
            "ipv6_address_list": [],
            "ipv6_address_list_enabled": false,
            "ipv6_addresses": [],
            "ipv6_prefix_count": 0,
            "ipv6_prefixes": [],
            "mac_address": "06:32:fa:45:4e:77",
            "outpost_arn": "",
            "owner_id": "975050200162",
            "private_dns_name": "",
            "private_ip": "10.0.1.100",
            "private_ip_list": [
              "10.0.1.100"
            ],
            "private_ip_list_enabled": false,
            "private_ips": [
              "10.0.1.100"
            ],
            "private_ips_count": 0,
            "security_groups": [
              "sg-06ae11bfd1bb01e4e"
            ],
            "source_dest_check": true,
            "subnet_id": "subnet-08c0e6164c9b5ea82",
            "tags": {
              "Name": "Network-Interface-Prod-Server"
            },
            "tags_all": {
              "Name": "Network-Interface-Prod-Server"
            }
          },
          "sensitive_attributes": [],
          "private": "bnVsbA==",
          "dependencies": [
            "aws_security_group.tesis_blokchain_server_security_group",
            "aws_subnet.tesis_public_subnet",
            "aws_vpc.tesis_vpc"
          ]
        }
      ]
    },
    {
      "mode": "managed",
      "type": "aws_route_table",
      "name": "tesis_public_subnet_route_table",
      "provider": "provider[\"registry.terraform.io/hashicorp/aws\"]",
      "instances": [
        {
          "schema_version": 0,
          "attributes": {
            "arn": "arn:aws:ec2:us-east-1:975050200162:route-table/rtb-0a0beb99543bc1af8",
            "id": "rtb-0a0beb99543bc1af8",
            "owner_id": "975050200162",
            "propagating_vgws": [],
            "route": [
              {
                "carrier_gateway_id": "",
                "cidr_block": "",
                "core_network_arn": "",
                "destination_prefix_list_id": "",
                "egress_only_gateway_id": "",
                "gateway_id": "igw-07af46d64ac45d910",
                "ipv6_cidr_block": "::/0",
                "local_gateway_id": "",
                "nat_gateway_id": "",
                "network_interface_id": "",
                "transit_gateway_id": "",
                "vpc_endpoint_id": "",
                "vpc_peering_connection_id": ""
              },
              {
                "carrier_gateway_id": "",
                "cidr_block": "0.0.0.0/0",
                "core_network_arn": "",
                "destination_prefix_list_id": "",
                "egress_only_gateway_id": "",
                "gateway_id": "igw-07af46d64ac45d910",
                "ipv6_cidr_block": "",
                "local_gateway_id": "",
                "nat_gateway_id": "",
                "network_interface_id": "",
                "transit_gateway_id": "",
                "vpc_endpoint_id": "",
                "vpc_peering_connection_id": ""
              }
            ],
            "tags": null,
            "tags_all": {},
            "timeouts": null,
            "vpc_id": "vpc-04256d44a6aefeb14"
          },
          "sensitive_attributes": [],
          "private": "eyJlMmJmYjczMC1lY2FhLTExZTYtOGY4OC0zNDM2M2JjN2M0YzAiOnsiY3JlYXRlIjozMDAwMDAwMDAwMDAsImRlbGV0ZSI6MzAwMDAwMDAwMDAwLCJ1cGRhdGUiOjEyMDAwMDAwMDAwMH19",
          "dependencies": [
            "aws_internet_gateway.tesis_public_internet_gateway",
            "aws_vpc.tesis_vpc"
          ]
        }
      ]
    },
    {
      "mode": "managed",
      "type": "aws_route_table_association",
      "name": "tesis_public_route_table_association",
      "provider": "provider[\"registry.terraform.io/hashicorp/aws\"]",
      "instances": [
        {
          "schema_version": 0,
          "attributes": {
            "gateway_id": "",
            "id": "rtbassoc-0336054c4d7195bf1",
            "route_table_id": "rtb-0a0beb99543bc1af8",
            "subnet_id": "subnet-08c0e6164c9b5ea82",
            "timeouts": null
          },
          "sensitive_attributes": [],
          "private": "eyJlMmJmYjczMC1lY2FhLTExZTYtOGY4OC0zNDM2M2JjN2M0YzAiOnsiY3JlYXRlIjozMDAwMDAwMDAwMDAsImRlbGV0ZSI6MzAwMDAwMDAwMDAwLCJ1cGRhdGUiOjEyMDAwMDAwMDAwMH19",
          "dependencies": [
            "aws_internet_gateway.tesis_public_internet_gateway",
            "aws_route_table.tesis_public_subnet_route_table",
            "aws_subnet.tesis_public_subnet",
            "aws_vpc.tesis_vpc"
          ]
        }
      ]
    },
    {
      "mode": "managed",
      "type": "aws_security_group",
      "name": "tesis_blokchain_server_security_group",
      "provider": "provider[\"registry.terraform.io/hashicorp/aws\"]",
      "instances": [
        {
          "schema_version": 1,
          "attributes": {
            "arn": "arn:aws:ec2:us-east-1:975050200162:security-group/sg-06ae11bfd1bb01e4e",
            "description": "Managed by Terraform",
            "egress": [
              {
                "cidr_blocks": [
                  "0.0.0.0/0"
                ],
                "description": "Allow all trafic",
                "from_port": 0,
                "ipv6_cidr_blocks": [
                  "::/0"
                ],
                "prefix_list_ids": [],
                "protocol": "-1",
                "security_groups": [],
                "self": false,
                "to_port": 0
              }
            ],
            "id": "sg-06ae11bfd1bb01e4e",
            "ingress": [
              {
                "cidr_blocks": [
                  "0.0.0.0/0"
                ],
                "description": "Allow SSH",
                "from_port": 22,
                "ipv6_cidr_blocks": [],
                "prefix_list_ids": [],
                "protocol": "tcp",
                "security_groups": [],
                "self": false,
                "to_port": 22
              },
              {
                "cidr_blocks": [
                  "0.0.0.0/0"
                ],
                "description": "inbound rule for HTTP alt protocol",
                "from_port": 5108,
                "ipv6_cidr_blocks": [],
                "prefix_list_ids": [],
                "protocol": "tcp",
                "security_groups": [],
                "self": false,
                "to_port": 5108
              },
              {
                "cidr_blocks": [
                  "0.0.0.0/0"
                ],
                "description": "inbound rule for HTTP alt protocol",
                "from_port": 5208,
                "ipv6_cidr_blocks": [],
                "prefix_list_ids": [],
                "protocol": "tcp",
                "security_groups": [],
                "self": false,
                "to_port": 5208
              },
              {
                "cidr_blocks": [
                  "0.0.0.0/0"
                ],
                "description": "inbound rule for HTTP alt protocol",
                "from_port": 8000,
                "ipv6_cidr_blocks": [],
                "prefix_list_ids": [],
                "protocol": "tcp",
                "security_groups": [],
                "self": false,
                "to_port": 8000
              },
              {
                "cidr_blocks": [
                  "0.0.0.0/0"
                ],
                "description": "inbound rule for HTTP alt protocol",
                "from_port": 8001,
                "ipv6_cidr_blocks": [],
                "prefix_list_ids": [],
                "protocol": "tcp",
                "security_groups": [],
                "self": false,
                "to_port": 8001
              },
              {
                "cidr_blocks": [
                  "0.0.0.0/0"
                ],
                "description": "inbound rule for HTTP protocol",
                "from_port": 80,
                "ipv6_cidr_blocks": [],
                "prefix_list_ids": [],
                "protocol": "tcp",
                "security_groups": [],
                "self": false,
                "to_port": 80
              },
              {
                "cidr_blocks": [
                  "0.0.0.0/0"
                ],
                "description": "inbound rule for HTTPS  protocol",
                "from_port": 443,
                "ipv6_cidr_blocks": [],
                "prefix_list_ids": [],
                "protocol": "tcp",
                "security_groups": [],
                "self": false,
                "to_port": 443
              }
            ],
            "name": "terraform-20240627202914499400000001",
            "name_prefix": "terraform-",
            "owner_id": "975050200162",
            "revoke_rules_on_delete": false,
            "tags": {
              "Name": "blockchain security group"
            },
            "tags_all": {
              "Name": "blockchain security group"
            },
            "timeouts": null,
            "vpc_id": "vpc-04256d44a6aefeb14"
          },
          "sensitive_attributes": [],
          "private": "eyJlMmJmYjczMC1lY2FhLTExZTYtOGY4OC0zNDM2M2JjN2M0YzAiOnsiY3JlYXRlIjo2MDAwMDAwMDAwMDAsImRlbGV0ZSI6OTAwMDAwMDAwMDAwfSwic2NoZW1hX3ZlcnNpb24iOiIxIn0=",
          "dependencies": [
            "aws_vpc.tesis_vpc"
          ]
        }
      ]
    },
    {
      "mode": "managed",
      "type": "aws_subnet",
      "name": "tesis_private_subnet",
      "provider": "provider[\"registry.terraform.io/hashicorp/aws\"]",
      "instances": [
        {
          "schema_version": 1,
          "attributes": {
            "arn": "arn:aws:ec2:us-east-1:975050200162:subnet/subnet-02fcc4a233c697b89",
            "assign_ipv6_address_on_creation": false,
            "availability_zone": "us-east-1b",
            "availability_zone_id": "use1-az1",
            "cidr_block": "10.0.2.0/24",
            "customer_owned_ipv4_pool": "",
            "enable_dns64": false,
            "enable_lni_at_device_index": 0,
            "enable_resource_name_dns_a_record_on_launch": false,
            "enable_resource_name_dns_aaaa_record_on_launch": false,
            "id": "subnet-02fcc4a233c697b89",
            "ipv6_cidr_block": "",
            "ipv6_cidr_block_association_id": "",
            "ipv6_native": false,
            "map_customer_owned_ip_on_launch": false,
            "map_public_ip_on_launch": false,
            "outpost_arn": "",
            "owner_id": "975050200162",
            "private_dns_hostname_type_on_launch": "ip-name",
            "tags": null,
            "tags_all": {},
            "timeouts": null,
            "vpc_id": "vpc-04256d44a6aefeb14"
          },
          "sensitive_attributes": [],
          "private": "eyJlMmJmYjczMC1lY2FhLTExZTYtOGY4OC0zNDM2M2JjN2M0YzAiOnsiY3JlYXRlIjo2MDAwMDAwMDAwMDAsImRlbGV0ZSI6MTIwMDAwMDAwMDAwMH0sInNjaGVtYV92ZXJzaW9uIjoiMSJ9",
          "dependencies": [
            "aws_vpc.tesis_vpc"
          ]
        }
      ]
    },
    {
      "mode": "managed",
      "type": "aws_subnet",
      "name": "tesis_public_subnet",
      "provider": "provider[\"registry.terraform.io/hashicorp/aws\"]",
      "instances": [
        {
          "schema_version": 1,
          "attributes": {
            "arn": "arn:aws:ec2:us-east-1:975050200162:subnet/subnet-08c0e6164c9b5ea82",
            "assign_ipv6_address_on_creation": false,
            "availability_zone": "us-east-1e",
            "availability_zone_id": "use1-az3",
            "cidr_block": "10.0.1.0/24",
            "customer_owned_ipv4_pool": "",
            "enable_dns64": false,
            "enable_lni_at_device_index": 0,
            "enable_resource_name_dns_a_record_on_launch": false,
            "enable_resource_name_dns_aaaa_record_on_launch": false,
            "id": "subnet-08c0e6164c9b5ea82",
            "ipv6_cidr_block": "",
            "ipv6_cidr_block_association_id": "",
            "ipv6_native": false,
            "map_customer_owned_ip_on_launch": false,
            "map_public_ip_on_launch": false,
            "outpost_arn": "",
            "owner_id": "975050200162",
            "private_dns_hostname_type_on_launch": "ip-name",
            "tags": null,
            "tags_all": {},
            "timeouts": null,
            "vpc_id": "vpc-04256d44a6aefeb14"
          },
          "sensitive_attributes": [],
          "private": "eyJlMmJmYjczMC1lY2FhLTExZTYtOGY4OC0zNDM2M2JjN2M0YzAiOnsiY3JlYXRlIjo2MDAwMDAwMDAwMDAsImRlbGV0ZSI6MTIwMDAwMDAwMDAwMH0sInNjaGVtYV92ZXJzaW9uIjoiMSJ9",
          "dependencies": [
            "aws_vpc.tesis_vpc"
          ]
        }
      ]
    },
    {
      "mode": "managed",
      "type": "aws_vpc",
      "name": "tesis_vpc",
      "provider": "provider[\"registry.terraform.io/hashicorp/aws\"]",
      "instances": [
        {
          "schema_version": 1,
          "attributes": {
            "arn": "arn:aws:ec2:us-east-1:975050200162:vpc/vpc-04256d44a6aefeb14",
            "assign_generated_ipv6_cidr_block": false,
            "cidr_block": "10.0.0.0/16",
            "default_network_acl_id": "acl-04b86e6d314b448e9",
            "default_route_table_id": "rtb-0b167345b0dab62b6",
            "default_security_group_id": "sg-0241668a830594c57",
            "dhcp_options_id": "dopt-074f7dc252b883463",
            "enable_dns_hostnames": false,
            "enable_dns_support": true,
            "enable_network_address_usage_metrics": false,
            "id": "vpc-04256d44a6aefeb14",
            "instance_tenancy": "default",
            "ipv4_ipam_pool_id": null,
            "ipv4_netmask_length": null,
            "ipv6_association_id": "",
            "ipv6_cidr_block": "",
            "ipv6_cidr_block_network_border_group": "",
            "ipv6_ipam_pool_id": "",
            "ipv6_netmask_length": 0,
            "main_route_table_id": "rtb-0b167345b0dab62b6",
            "owner_id": "975050200162",
            "tags": {
              "Name": "VPC-Tesis"
            },
            "tags_all": {
              "Name": "VPC-Tesis"
            }
          },
          "sensitive_attributes": [],
          "private": "eyJzY2hlbWFfdmVyc2lvbiI6IjEifQ=="
        }
      ]
    },
    {
      "mode": "managed",
      "type": "local_file",
      "name": "private_serv_key",
      "provider": "provider[\"registry.terraform.io/hashicorp/local\"]",
      "instances": [
        {
          "schema_version": 0,
          "attributes": {
            "content": "-----BEGIN OPENSSH PRIVATE KEY-----\nb3BlbnNzaC1rZXktdjEAAAAABG5vbmUAAAAEbm9uZQAAAAAAAAABAAACFwAAAAdz\nc2gtcnNhAAAAAwEAAQAAAgEAsARpMg7O+Yh6q1EaAVs0RrJNYMqpMJEvfGNpoA1O\nLiseI/n1VD5RmbEkKStb9FTbtyCkxMCoUQ4hC6TCnvUAVRk7lG3tsOA6Ry4HOHUS\nASYYNF+L1lLHC+TJxVWIL1BHKO3n1Dkl3RVYqx2H2gSnU/YTy9JOicUSQmUfAHXx\nCvShTkD/6nnArE+3fQe8X9tIOCg2gEkH6Sctw6Ciqk1LoF0QJy42j9SQ3tXLLI9O\n7xalwNxKe5JGzcj7sLayr29ucfcjlasyKj73ep/k56UNSBC9aFpNvd74NJ073qAq\nzjmmwaIwBCK9ARvMEV3ii+0bd4ly5wreKkWKgWK56ScSN1ZR5VETWvnWVwlQBg8w\n//4T7+N3hQw1MD4q6upwnKbgJDodbIXbU4umQXheoOn0NinDaE9RH0nN/O8sVwGv\n+/3HPEy1550E56WDa4vO1dN9rR/B/2OQbQnWa4fudcEb/1dHpPBUQ5+vPfUPagx7\ntGuUcV94pzVIl3TlqT9wjdGKpRaSt3p8kX9rWlpxpM9lcWaPmTEZzr0mdj6FifN7\nZOQFRxLpG6/dosqiDSpSonB2Sz6OyZCJ5IJCOrCPTTPFQWg20HLwchiEx3jC0d0t\nRGKQEOzHZPRa82nJdYFMlc3ui+imOubYovpZnkbVQAMM+ML5+MjBnDfIbFnDgKon\nO1cAAAc4ykMU5cpDFOUAAAAHc3NoLXJzYQAAAgEAsARpMg7O+Yh6q1EaAVs0RrJN\nYMqpMJEvfGNpoA1OLiseI/n1VD5RmbEkKStb9FTbtyCkxMCoUQ4hC6TCnvUAVRk7\nlG3tsOA6Ry4HOHUSASYYNF+L1lLHC+TJxVWIL1BHKO3n1Dkl3RVYqx2H2gSnU/YT\ny9JOicUSQmUfAHXxCvShTkD/6nnArE+3fQe8X9tIOCg2gEkH6Sctw6Ciqk1LoF0Q\nJy42j9SQ3tXLLI9O7xalwNxKe5JGzcj7sLayr29ucfcjlasyKj73ep/k56UNSBC9\naFpNvd74NJ073qAqzjmmwaIwBCK9ARvMEV3ii+0bd4ly5wreKkWKgWK56ScSN1ZR\n5VETWvnWVwlQBg8w//4T7+N3hQw1MD4q6upwnKbgJDodbIXbU4umQXheoOn0NinD\naE9RH0nN/O8sVwGv+/3HPEy1550E56WDa4vO1dN9rR/B/2OQbQnWa4fudcEb/1dH\npPBUQ5+vPfUPagx7tGuUcV94pzVIl3TlqT9wjdGKpRaSt3p8kX9rWlpxpM9lcWaP\nmTEZzr0mdj6FifN7ZOQFRxLpG6/dosqiDSpSonB2Sz6OyZCJ5IJCOrCPTTPFQWg2\n0HLwchiEx3jC0d0tRGKQEOzHZPRa82nJdYFMlc3ui+imOubYovpZnkbVQAMM+ML5\n+MjBnDfIbFnDgKonO1cAAAADAQABAAACAGNNCb/o5NGYMoRmC8LKHnLn8olxrAOv\nVNfbCeL2vq2DO8zWHpa5VbXcXucvBACSwyXML8ikXBDmZLQ57mZZGCfqRVeWsOsB\nhT9U81PhkBe/0xXw9WYjaxIFr+M5PsxagNrRZOGwn/DbMxvOXC8eQvw2LrLlYdON\nr6Bvhg7vet5QZpRMTVSN/an4iy7pZ1e40USFQ0IacXES3lmoTTzAwLKm7g78nmGE\nbXqZqLbp3oE6CKcGYKrYOkOsaHooiCQ7PFblM1kjrPhyb5HplO0ui5CliQXPNF6y\n5Nph/j25pIyVr8M76dTbeD+g2/7MNZv1V3KXw5Ae7HlypBIcjX/AwCAyarHXjuUW\nOJtgwdgice0ouM5HxNLSn7jewu+JKpxE1JXcDKMW9pRpNSK8YGliSeeIwUNKwGYZ\nLR52ZCb5cotdWxikqJCH0fBlWvR9FxCdE143AxmmsCMMhs8GfsQTTICWwsl9PVvN\nVBWyyzwjWiPnW/TTGvJvO72eIxySzwWacAj7CrQm+XnF2tuL97JyfI7+tNZvQaTd\nhTq8osemfVXv2bfcUd4ltDeb+S9h38ZAxzSkjWHCiDk3FjPUnErEL+U+y8ldJ9fj\nlaCJjjyvjmSA7jwGUYOkO7EqWH48ph+xUJjoFYqgeYQbvTGUcfDdVis7rY4xtJEf\nZIk3oe0n98CZAAABAQDCCp4fUWg1cvQ7Xd5sYyakDcJxqPqWoOF8VSsKgU3kCGyE\nUsTH0G82KKHKsIC8uJJxdkYE8XpOiXJlR8cWND48+Bc2T9QgJpEfXdWvoZP4reJX\njJwK84P7H6u3VQbz2MFz0y71GMSPeZtUi6qW6GgMSi9orVoOTa4u2stLcwKYEQXY\nrekSZkisozU8T0VRGGYOD2UN0lR5DNJo4/uvkFv2j8m1nm4A1RkS3KyRUUEgjUiF\nquVBP8k7kInWqd2ncepmb6MR72St2CPz92QH0ExMv7ZSMVunLeHXapBWfEEQxIQ0\na2s+yvnKRTwqlxWhOs0HV7xizSK+MtpA4OmlpYqWAAABAQDZC3bnLJuGYKeAqWid\nShmzwNykhIQvU7j5e2riicWL+IEINlxSLjhUap96BTjzRvNIqKxunmOfaKfzrOfG\nSSotvcA8ct8kupTFPNsvRoLPKnFC/ESbxjnecnG8W2jT1JwwWAjPxaHY2cDYthVZ\n65yrxeNFcuD9P1QOTaplfY7NQ45dlnLp/1rpyGK0fOOLFgazhByoLMN3UfB/cA6A\nTz9D6PFh6ABcx4fxHQi1WS5UNNOgzn0FLfl3q2YVLpjU7ewops59/Ml0+jhzwIf0\nrIwvHb6jRINeqKydGbWGh55gVeKkwbKi9tZD/CxqsYDRmmND3NLVZiqSssWVzIIy\nIYsjAAABAQDPm9uDUGyJIH7z40UO9T3qZmnv3OemSAxL6JmdPmzsRdxskOL2oTxs\nsjE9dAtWNjYya8PKrp1Ftn2GkYRzKekj49wZx+cdTJYc26NahU63VKh9bVcsc7bh\nLi36pSACRneaiv0uKCnujPW9st9DTLT36asHkl5kh0YPdt+Mc7W+esmDSs4aupF6\n6aFyLxDV+giyFyxTsaR26d4FZK03sE8M3i4kNQ3W8aXjfdW0s5qI2uSC3X7HQ+9s\nDhbtEOAgbIOO1blYdjBsACB6IutyJpxNUsFfHD2SS16nAjXb9InsJpLJB9i29RtI\nqNZya7u1XqqrzXmY6ThpXiCZON7B/dw9AAAAAAEC\n-----END OPENSSH PRIVATE KEY-----\n",
            "content_base64": null,
            "content_base64sha256": "Pr6TjRoq/2f8I7NqCML3+nL5arhMfqfOhTKwso3/Ie0=",
            "content_base64sha512": "GOwNxPG7EvMBsH6rrURyZNkw+MFfmEv/R8dr5PA0zNa4NFOhxJOZaz5oPuZhKwVSCQ1PllNj5ZfBUZgUhOr+bw==",
            "content_md5": "129bcd8de7cec017d97a3b9ee0896437",
            "content_sha1": "ae8a5a3d1ef9600d741ca5cc18d13e84fe29bd04",
            "content_sha256": "3ebe938d1a2aff67fc23b36a08c2f7fa72f96ab84c7ea7ce8532b0b28dff21ed",
            "content_sha512": "18ec0dc4f1bb12f301b07eabad447264d930f8c15f984bff47c76be4f034ccd6b83453a1c493996b3e683ee6612b0552090d4f965363e597c151981484eafe6f",
            "directory_permission": "0777",
            "file_permission": "400",
            "filename": "../Terraform/keys/id_rsa",
            "id": "ae8a5a3d1ef9600d741ca5cc18d13e84fe29bd04",
            "sensitive_content": null,
            "source": null
          },
          "sensitive_attributes": [
            [
              {
                "type": "get_attr",
                "value": "content"
              }
            ]
          ],
          "dependencies": [
            "tls_private_key.key-proy"
          ]
        }
      ]
    },
    {
      "mode": "managed",
      "type": "local_file",
      "name": "public_serv_key",
      "provider": "provider[\"registry.terraform.io/hashicorp/local\"]",
      "instances": [
        {
          "schema_version": 0,
          "attributes": {
            "content": "ssh-rsa AAAAB3NzaC1yc2EAAAADAQABAAACAQCwBGkyDs75iHqrURoBWzRGsk1gyqkwkS98Y2mgDU4uKx4j+fVUPlGZsSQpK1v0VNu3IKTEwKhRDiELpMKe9QBVGTuUbe2w4DpHLgc4dRIBJhg0X4vWUscL5MnFVYgvUEco7efUOSXdFVirHYfaBKdT9hPL0k6JxRJCZR8AdfEK9KFOQP/qecCsT7d9B7xf20g4KDaASQfpJy3DoKKqTUugXRAnLjaP1JDe1cssj07vFqXA3Ep7kkbNyPuwtrKvb25x9yOVqzIqPvd6n+TnpQ1IEL1oWk293vg0nTveoCrOOabBojAEIr0BG8wRXeKL7Rt3iXLnCt4qRYqBYrnpJxI3VlHlURNa+dZXCVAGDzD//hPv43eFDDUwPirq6nCcpuAkOh1shdtTi6ZBeF6g6fQ2KcNoT1EfSc387yxXAa/7/cc8TLXnnQTnpYNri87V032tH8H/Y5BtCdZrh+51wRv/V0ek8FRDn6899Q9qDHu0a5RxX3inNUiXdOWpP3CN0YqlFpK3enyRf2taWnGkz2VxZo+ZMRnOvSZ2PoWJ83tk5AVHEukbr92iyqINKlKicHZLPo7JkInkgkI6sI9NM8VBaDbQcvByGITHeMLR3S1EYpAQ7Mdk9Frzacl1gUyVze6L6KY65tii+lmeRtVAAwz4wvn4yMGcN8hsWcOAqic7Vw==\n",
            "content_base64": null,
            "content_base64sha256": "jbt8/c7vAqAzRaL6ll/BJaOWUOVpU6MriE51Q/FHsEw=",
            "content_base64sha512": "pUtXoQ549+7EiJc4NtmOfxDiom4tCZ4TZYHNhPEAaHavSJOV+bSvJg4W1q/THgfdaVDdx3qRUq5X3cpv8fKYNQ==",
            "content_md5": "9b7d99d8c1d42fbccc3c442d604ee480",
            "content_sha1": "6a62839ab7a66c0eda79dec88a9e5d766f1eecbd",
            "content_sha256": "8dbb7cfdceef02a03345a2fa965fc125a39650e56953a32b884e7543f147b04c",
            "content_sha512": "a54b57a10e78f7eec488973836d98e7f10e2a26e2d099e136581cd84f1006876af489395f9b4af260e16d6afd31e07dd6950ddc77a9152ae57ddca6ff1f29835",
            "directory_permission": "0777",
            "file_permission": "400",
            "filename": "../Terraform/keys/id_rsa.pub",
            "id": "6a62839ab7a66c0eda79dec88a9e5d766f1eecbd",
            "sensitive_content": null,
            "source": null
          },
          "sensitive_attributes": [],
          "dependencies": [
            "tls_private_key.key-proy"
          ]
        }
      ]
    },
    {
      "mode": "managed",
      "type": "tls_private_key",
      "name": "key-proy",
      "provider": "provider[\"registry.terraform.io/hashicorp/tls\"]",
      "instances": [
        {
          "schema_version": 1,
          "attributes": {
            "algorithm": "RSA",
            "ecdsa_curve": "P224",
            "id": "a6ca6b2f2997e833cc806ad75b54d877545e599c",
            "private_key_openssh": "-----BEGIN OPENSSH PRIVATE KEY-----\nb3BlbnNzaC1rZXktdjEAAAAABG5vbmUAAAAEbm9uZQAAAAAAAAABAAACFwAAAAdz\nc2gtcnNhAAAAAwEAAQAAAgEAsARpMg7O+Yh6q1EaAVs0RrJNYMqpMJEvfGNpoA1O\nLiseI/n1VD5RmbEkKStb9FTbtyCkxMCoUQ4hC6TCnvUAVRk7lG3tsOA6Ry4HOHUS\nASYYNF+L1lLHC+TJxVWIL1BHKO3n1Dkl3RVYqx2H2gSnU/YTy9JOicUSQmUfAHXx\nCvShTkD/6nnArE+3fQe8X9tIOCg2gEkH6Sctw6Ciqk1LoF0QJy42j9SQ3tXLLI9O\n7xalwNxKe5JGzcj7sLayr29ucfcjlasyKj73ep/k56UNSBC9aFpNvd74NJ073qAq\nzjmmwaIwBCK9ARvMEV3ii+0bd4ly5wreKkWKgWK56ScSN1ZR5VETWvnWVwlQBg8w\n//4T7+N3hQw1MD4q6upwnKbgJDodbIXbU4umQXheoOn0NinDaE9RH0nN/O8sVwGv\n+/3HPEy1550E56WDa4vO1dN9rR/B/2OQbQnWa4fudcEb/1dHpPBUQ5+vPfUPagx7\ntGuUcV94pzVIl3TlqT9wjdGKpRaSt3p8kX9rWlpxpM9lcWaPmTEZzr0mdj6FifN7\nZOQFRxLpG6/dosqiDSpSonB2Sz6OyZCJ5IJCOrCPTTPFQWg20HLwchiEx3jC0d0t\nRGKQEOzHZPRa82nJdYFMlc3ui+imOubYovpZnkbVQAMM+ML5+MjBnDfIbFnDgKon\nO1cAAAc4ykMU5cpDFOUAAAAHc3NoLXJzYQAAAgEAsARpMg7O+Yh6q1EaAVs0RrJN\nYMqpMJEvfGNpoA1OLiseI/n1VD5RmbEkKStb9FTbtyCkxMCoUQ4hC6TCnvUAVRk7\nlG3tsOA6Ry4HOHUSASYYNF+L1lLHC+TJxVWIL1BHKO3n1Dkl3RVYqx2H2gSnU/YT\ny9JOicUSQmUfAHXxCvShTkD/6nnArE+3fQe8X9tIOCg2gEkH6Sctw6Ciqk1LoF0Q\nJy42j9SQ3tXLLI9O7xalwNxKe5JGzcj7sLayr29ucfcjlasyKj73ep/k56UNSBC9\naFpNvd74NJ073qAqzjmmwaIwBCK9ARvMEV3ii+0bd4ly5wreKkWKgWK56ScSN1ZR\n5VETWvnWVwlQBg8w//4T7+N3hQw1MD4q6upwnKbgJDodbIXbU4umQXheoOn0NinD\naE9RH0nN/O8sVwGv+/3HPEy1550E56WDa4vO1dN9rR/B/2OQbQnWa4fudcEb/1dH\npPBUQ5+vPfUPagx7tGuUcV94pzVIl3TlqT9wjdGKpRaSt3p8kX9rWlpxpM9lcWaP\nmTEZzr0mdj6FifN7ZOQFRxLpG6/dosqiDSpSonB2Sz6OyZCJ5IJCOrCPTTPFQWg2\n0HLwchiEx3jC0d0tRGKQEOzHZPRa82nJdYFMlc3ui+imOubYovpZnkbVQAMM+ML5\n+MjBnDfIbFnDgKonO1cAAAADAQABAAACAGNNCb/o5NGYMoRmC8LKHnLn8olxrAOv\nVNfbCeL2vq2DO8zWHpa5VbXcXucvBACSwyXML8ikXBDmZLQ57mZZGCfqRVeWsOsB\nhT9U81PhkBe/0xXw9WYjaxIFr+M5PsxagNrRZOGwn/DbMxvOXC8eQvw2LrLlYdON\nr6Bvhg7vet5QZpRMTVSN/an4iy7pZ1e40USFQ0IacXES3lmoTTzAwLKm7g78nmGE\nbXqZqLbp3oE6CKcGYKrYOkOsaHooiCQ7PFblM1kjrPhyb5HplO0ui5CliQXPNF6y\n5Nph/j25pIyVr8M76dTbeD+g2/7MNZv1V3KXw5Ae7HlypBIcjX/AwCAyarHXjuUW\nOJtgwdgice0ouM5HxNLSn7jewu+JKpxE1JXcDKMW9pRpNSK8YGliSeeIwUNKwGYZ\nLR52ZCb5cotdWxikqJCH0fBlWvR9FxCdE143AxmmsCMMhs8GfsQTTICWwsl9PVvN\nVBWyyzwjWiPnW/TTGvJvO72eIxySzwWacAj7CrQm+XnF2tuL97JyfI7+tNZvQaTd\nhTq8osemfVXv2bfcUd4ltDeb+S9h38ZAxzSkjWHCiDk3FjPUnErEL+U+y8ldJ9fj\nlaCJjjyvjmSA7jwGUYOkO7EqWH48ph+xUJjoFYqgeYQbvTGUcfDdVis7rY4xtJEf\nZIk3oe0n98CZAAABAQDCCp4fUWg1cvQ7Xd5sYyakDcJxqPqWoOF8VSsKgU3kCGyE\nUsTH0G82KKHKsIC8uJJxdkYE8XpOiXJlR8cWND48+Bc2T9QgJpEfXdWvoZP4reJX\njJwK84P7H6u3VQbz2MFz0y71GMSPeZtUi6qW6GgMSi9orVoOTa4u2stLcwKYEQXY\nrekSZkisozU8T0VRGGYOD2UN0lR5DNJo4/uvkFv2j8m1nm4A1RkS3KyRUUEgjUiF\nquVBP8k7kInWqd2ncepmb6MR72St2CPz92QH0ExMv7ZSMVunLeHXapBWfEEQxIQ0\na2s+yvnKRTwqlxWhOs0HV7xizSK+MtpA4OmlpYqWAAABAQDZC3bnLJuGYKeAqWid\nShmzwNykhIQvU7j5e2riicWL+IEINlxSLjhUap96BTjzRvNIqKxunmOfaKfzrOfG\nSSotvcA8ct8kupTFPNsvRoLPKnFC/ESbxjnecnG8W2jT1JwwWAjPxaHY2cDYthVZ\n65yrxeNFcuD9P1QOTaplfY7NQ45dlnLp/1rpyGK0fOOLFgazhByoLMN3UfB/cA6A\nTz9D6PFh6ABcx4fxHQi1WS5UNNOgzn0FLfl3q2YVLpjU7ewops59/Ml0+jhzwIf0\nrIwvHb6jRINeqKydGbWGh55gVeKkwbKi9tZD/CxqsYDRmmND3NLVZiqSssWVzIIy\nIYsjAAABAQDPm9uDUGyJIH7z40UO9T3qZmnv3OemSAxL6JmdPmzsRdxskOL2oTxs\nsjE9dAtWNjYya8PKrp1Ftn2GkYRzKekj49wZx+cdTJYc26NahU63VKh9bVcsc7bh\nLi36pSACRneaiv0uKCnujPW9st9DTLT36asHkl5kh0YPdt+Mc7W+esmDSs4aupF6\n6aFyLxDV+giyFyxTsaR26d4FZK03sE8M3i4kNQ3W8aXjfdW0s5qI2uSC3X7HQ+9s\nDhbtEOAgbIOO1blYdjBsACB6IutyJpxNUsFfHD2SS16nAjXb9InsJpLJB9i29RtI\nqNZya7u1XqqrzXmY6ThpXiCZON7B/dw9AAAAAAEC\n-----END OPENSSH PRIVATE KEY-----\n",
            "private_key_pem": "-----BEGIN RSA PRIVATE KEY-----\nMIIJKgIBAAKCAgEAsARpMg7O+Yh6q1EaAVs0RrJNYMqpMJEvfGNpoA1OLiseI/n1\nVD5RmbEkKStb9FTbtyCkxMCoUQ4hC6TCnvUAVRk7lG3tsOA6Ry4HOHUSASYYNF+L\n1lLHC+TJxVWIL1BHKO3n1Dkl3RVYqx2H2gSnU/YTy9JOicUSQmUfAHXxCvShTkD/\n6nnArE+3fQe8X9tIOCg2gEkH6Sctw6Ciqk1LoF0QJy42j9SQ3tXLLI9O7xalwNxK\ne5JGzcj7sLayr29ucfcjlasyKj73ep/k56UNSBC9aFpNvd74NJ073qAqzjmmwaIw\nBCK9ARvMEV3ii+0bd4ly5wreKkWKgWK56ScSN1ZR5VETWvnWVwlQBg8w//4T7+N3\nhQw1MD4q6upwnKbgJDodbIXbU4umQXheoOn0NinDaE9RH0nN/O8sVwGv+/3HPEy1\n550E56WDa4vO1dN9rR/B/2OQbQnWa4fudcEb/1dHpPBUQ5+vPfUPagx7tGuUcV94\npzVIl3TlqT9wjdGKpRaSt3p8kX9rWlpxpM9lcWaPmTEZzr0mdj6FifN7ZOQFRxLp\nG6/dosqiDSpSonB2Sz6OyZCJ5IJCOrCPTTPFQWg20HLwchiEx3jC0d0tRGKQEOzH\nZPRa82nJdYFMlc3ui+imOubYovpZnkbVQAMM+ML5+MjBnDfIbFnDgKonO1cCAwEA\nAQKCAgBjTQm/6OTRmDKEZgvCyh5y5/KJcawDr1TX2wni9r6tgzvM1h6WuVW13F7n\nLwQAksMlzC/IpFwQ5mS0Oe5mWRgn6kVXlrDrAYU/VPNT4ZAXv9MV8PVmI2sSBa/j\nOT7MWoDa0WThsJ/w2zMbzlwvHkL8Ni6y5WHTja+gb4YO73reUGaUTE1Ujf2p+Isu\n6WdXuNFEhUNCGnFxEt5ZqE08wMCypu4O/J5hhG16mai26d6BOginBmCq2DpDrGh6\nKIgkOzxW5TNZI6z4cm+R6ZTtLouQpYkFzzResuTaYf49uaSMla/DO+nU23g/oNv+\nzDWb9Vdyl8OQHux5cqQSHI1/wMAgMmqx147lFjibYMHYInHtKLjOR8TS0p+43sLv\niSqcRNSV3AyjFvaUaTUivGBpYknniMFDSsBmGS0edmQm+XKLXVsYpKiQh9HwZVr0\nfRcQnRNeNwMZprAjDIbPBn7EE0yAlsLJfT1bzVQVsss8I1oj51v00xrybzu9niMc\nks8FmnAI+wq0Jvl5xdrbi/eycnyO/rTWb0Gk3YU6vKLHpn1V79m33FHeJbQ3m/kv\nYd/GQMc0pI1hwog5NxYz1JxKxC/lPsvJXSfX45WgiY48r45kgO48BlGDpDuxKlh+\nPKYfsVCY6BWKoHmEG70xlHHw3VYrO62OMbSRH2SJN6HtJ/fAmQKCAQEA2Qt25yyb\nhmCngKlonUoZs8DcpISEL1O4+Xtq4onFi/iBCDZcUi44VGqfegU480bzSKisbp5j\nn2in86znxkkqLb3APHLfJLqUxTzbL0aCzypxQvxEm8Y53nJxvFto09ScMFgIz8Wh\n2NnA2LYVWeucq8XjRXLg/T9UDk2qZX2OzUOOXZZy6f9a6chitHzjixYGs4QcqCzD\nd1Hwf3AOgE8/Q+jxYegAXMeH8R0ItVkuVDTToM59BS35d6tmFS6Y1O3sKKbOffzJ\ndPo4c8CH9KyMLx2+o0SDXqisnRm1hoeeYFXipMGyovbWQ/wsarGA0ZpjQ9zS1WYq\nkrLFlcyCMiGLIwKCAQEAz5vbg1BsiSB+8+NFDvU96mZp79znpkgMS+iZnT5s7EXc\nbJDi9qE8bLIxPXQLVjY2MmvDyq6dRbZ9hpGEcynpI+PcGcfnHUyWHNujWoVOt1So\nfW1XLHO24S4t+qUgAkZ3mor9Ligp7oz1vbLfQ0y09+mrB5JeZIdGD3bfjHO1vnrJ\ng0rOGrqReumhci8Q1foIshcsU7GkduneBWStN7BPDN4uJDUN1vGl433VtLOaiNrk\ngt1+x0PvbA4W7RDgIGyDjtW5WHYwbAAgeiLrciacTVLBXxw9kktepwI12/SJ7CaS\nyQfYtvUbSKjWcmu7tV6qq815mOk4aV4gmTjewf3cPQKCAQEAwkymFAt16xUpvl9p\n/KzyV13G6CyNXQTZKdYXeFeXlldPw7dObG9eFAwjWgvE0NxqPFhrjNeUHYeGGvll\nv7eN38bnifXX1zyEpBF3slmwDp9TJ4FINh99fKr9MH6wWDoT3J9ivAWTftpo7lgK\nwyXOamPLskdGLM/9gpR6f0KojQ72KsfddacYjwLJggPve3qrYxdYxCDWl0GuR5dc\nE/ddjoDBXkFf2a7x/qJcQmRkuhNUhLd1aiafFkdFKp89SBj5+eZiIp0jB+pckRsB\nWsMA98jr+aMC68GaTUVPoPBVkq4wKAgS0Bqi89eTN6xRwtIwHPdZcpp0cEFD6nda\n8l/e+wKCAQEAgIShPQb6SWEedegJBht2+rXvepcrp9oOEqepAJh2YUVWELcYaUii\n2T7uEHbX1cS1hD0F9WBm55Ly3e0TKx+Uvaz+wc7oGVEh1Dd7Rjwj4IW9z/dx8Yio\ne3lU6UZzLDVnMPo9hOdEHfKQ5Z/naggAN0AlqghH+r9q9YPHG3E93u6v9GDIee9o\nw8gBM2hDadLgsy55OE5N23cnA/uw5zpzlSmtMqjNKnRpFwz80GImlfW7Y++t3bkG\na8PFGXhK5oeGYVOY61Qu4YyqjjEzw3R3ab6DCle3HeseaxCJOuKExvWSBHShCZFu\nFGrAZhCfIMW7raMDVU96pm+oinGUJE78mQKCAQEAwgqeH1FoNXL0O13ebGMmpA3C\ncaj6lqDhfFUrCoFN5AhshFLEx9BvNiihyrCAvLiScXZGBPF6TolyZUfHFjQ+PPgX\nNk/UICaRH13Vr6GT+K3iV4ycCvOD+x+rt1UG89jBc9Mu9RjEj3mbVIuqluhoDEov\naK1aDk2uLtrLS3MCmBEF2K3pEmZIrKM1PE9FURhmDg9lDdJUeQzSaOP7r5Bb9o/J\ntZ5uANUZEtyskVFBII1IharlQT/JO5CJ1qndp3HqZm+jEe9krdgj8/dkB9BMTL+2\nUjFbpy3h12qQVnxBEMSENGtrPsr5ykU8KpcVoTrNB1e8Ys0ivjLaQODppaWKlg==\n-----END RSA PRIVATE KEY-----\n",
            "private_key_pem_pkcs8": "-----BEGIN PRIVATE KEY-----\nMIIJRAIBADANBgkqhkiG9w0BAQEFAASCCS4wggkqAgEAAoICAQCwBGkyDs75iHqr\nURoBWzRGsk1gyqkwkS98Y2mgDU4uKx4j+fVUPlGZsSQpK1v0VNu3IKTEwKhRDiEL\npMKe9QBVGTuUbe2w4DpHLgc4dRIBJhg0X4vWUscL5MnFVYgvUEco7efUOSXdFVir\nHYfaBKdT9hPL0k6JxRJCZR8AdfEK9KFOQP/qecCsT7d9B7xf20g4KDaASQfpJy3D\noKKqTUugXRAnLjaP1JDe1cssj07vFqXA3Ep7kkbNyPuwtrKvb25x9yOVqzIqPvd6\nn+TnpQ1IEL1oWk293vg0nTveoCrOOabBojAEIr0BG8wRXeKL7Rt3iXLnCt4qRYqB\nYrnpJxI3VlHlURNa+dZXCVAGDzD//hPv43eFDDUwPirq6nCcpuAkOh1shdtTi6ZB\neF6g6fQ2KcNoT1EfSc387yxXAa/7/cc8TLXnnQTnpYNri87V032tH8H/Y5BtCdZr\nh+51wRv/V0ek8FRDn6899Q9qDHu0a5RxX3inNUiXdOWpP3CN0YqlFpK3enyRf2ta\nWnGkz2VxZo+ZMRnOvSZ2PoWJ83tk5AVHEukbr92iyqINKlKicHZLPo7JkInkgkI6\nsI9NM8VBaDbQcvByGITHeMLR3S1EYpAQ7Mdk9Frzacl1gUyVze6L6KY65tii+lme\nRtVAAwz4wvn4yMGcN8hsWcOAqic7VwIDAQABAoICAGNNCb/o5NGYMoRmC8LKHnLn\n8olxrAOvVNfbCeL2vq2DO8zWHpa5VbXcXucvBACSwyXML8ikXBDmZLQ57mZZGCfq\nRVeWsOsBhT9U81PhkBe/0xXw9WYjaxIFr+M5PsxagNrRZOGwn/DbMxvOXC8eQvw2\nLrLlYdONr6Bvhg7vet5QZpRMTVSN/an4iy7pZ1e40USFQ0IacXES3lmoTTzAwLKm\n7g78nmGEbXqZqLbp3oE6CKcGYKrYOkOsaHooiCQ7PFblM1kjrPhyb5HplO0ui5Cl\niQXPNF6y5Nph/j25pIyVr8M76dTbeD+g2/7MNZv1V3KXw5Ae7HlypBIcjX/AwCAy\narHXjuUWOJtgwdgice0ouM5HxNLSn7jewu+JKpxE1JXcDKMW9pRpNSK8YGliSeeI\nwUNKwGYZLR52ZCb5cotdWxikqJCH0fBlWvR9FxCdE143AxmmsCMMhs8GfsQTTICW\nwsl9PVvNVBWyyzwjWiPnW/TTGvJvO72eIxySzwWacAj7CrQm+XnF2tuL97JyfI7+\ntNZvQaTdhTq8osemfVXv2bfcUd4ltDeb+S9h38ZAxzSkjWHCiDk3FjPUnErEL+U+\ny8ldJ9fjlaCJjjyvjmSA7jwGUYOkO7EqWH48ph+xUJjoFYqgeYQbvTGUcfDdVis7\nrY4xtJEfZIk3oe0n98CZAoIBAQDZC3bnLJuGYKeAqWidShmzwNykhIQvU7j5e2ri\nicWL+IEINlxSLjhUap96BTjzRvNIqKxunmOfaKfzrOfGSSotvcA8ct8kupTFPNsv\nRoLPKnFC/ESbxjnecnG8W2jT1JwwWAjPxaHY2cDYthVZ65yrxeNFcuD9P1QOTapl\nfY7NQ45dlnLp/1rpyGK0fOOLFgazhByoLMN3UfB/cA6ATz9D6PFh6ABcx4fxHQi1\nWS5UNNOgzn0FLfl3q2YVLpjU7ewops59/Ml0+jhzwIf0rIwvHb6jRINeqKydGbWG\nh55gVeKkwbKi9tZD/CxqsYDRmmND3NLVZiqSssWVzIIyIYsjAoIBAQDPm9uDUGyJ\nIH7z40UO9T3qZmnv3OemSAxL6JmdPmzsRdxskOL2oTxssjE9dAtWNjYya8PKrp1F\ntn2GkYRzKekj49wZx+cdTJYc26NahU63VKh9bVcsc7bhLi36pSACRneaiv0uKCnu\njPW9st9DTLT36asHkl5kh0YPdt+Mc7W+esmDSs4aupF66aFyLxDV+giyFyxTsaR2\n6d4FZK03sE8M3i4kNQ3W8aXjfdW0s5qI2uSC3X7HQ+9sDhbtEOAgbIOO1blYdjBs\nACB6IutyJpxNUsFfHD2SS16nAjXb9InsJpLJB9i29RtIqNZya7u1XqqrzXmY6Thp\nXiCZON7B/dw9AoIBAQDCTKYUC3XrFSm+X2n8rPJXXcboLI1dBNkp1hd4V5eWV0/D\nt05sb14UDCNaC8TQ3Go8WGuM15Qdh4Ya+WW/t43fxueJ9dfXPISkEXeyWbAOn1Mn\ngUg2H318qv0wfrBYOhPcn2K8BZN+2mjuWArDJc5qY8uyR0Ysz/2ClHp/QqiNDvYq\nx911pxiPAsmCA+97eqtjF1jEINaXQa5Hl1wT912OgMFeQV/ZrvH+olxCZGS6E1SE\nt3VqJp8WR0Uqnz1IGPn55mIinSMH6lyRGwFawwD3yOv5owLrwZpNRU+g8FWSrjAo\nCBLQGqLz15M3rFHC0jAc91lymnRwQUPqd1ryX977AoIBAQCAhKE9BvpJYR516AkG\nG3b6te96lyun2g4Sp6kAmHZhRVYQtxhpSKLZPu4QdtfVxLWEPQX1YGbnkvLd7RMr\nH5S9rP7BzugZUSHUN3tGPCPghb3P93HxiKh7eVTpRnMsNWcw+j2E50Qd8pDln+dq\nCAA3QCWqCEf6v2r1g8cbcT3e7q/0YMh572jDyAEzaENp0uCzLnk4Tk3bdycD+7Dn\nOnOVKa0yqM0qdGkXDPzQYiaV9btj763duQZrw8UZeErmh4ZhU5jrVC7hjKqOMTPD\ndHdpvoMKV7cd6x5rEIk64oTG9ZIEdKEJkW4UasBmEJ8gxbutowNVT3qmb6iKcZQk\nTvyZAoIBAQDCCp4fUWg1cvQ7Xd5sYyakDcJxqPqWoOF8VSsKgU3kCGyEUsTH0G82\nKKHKsIC8uJJxdkYE8XpOiXJlR8cWND48+Bc2T9QgJpEfXdWvoZP4reJXjJwK84P7\nH6u3VQbz2MFz0y71GMSPeZtUi6qW6GgMSi9orVoOTa4u2stLcwKYEQXYrekSZkis\nozU8T0VRGGYOD2UN0lR5DNJo4/uvkFv2j8m1nm4A1RkS3KyRUUEgjUiFquVBP8k7\nkInWqd2ncepmb6MR72St2CPz92QH0ExMv7ZSMVunLeHXapBWfEEQxIQ0a2s+yvnK\nRTwqlxWhOs0HV7xizSK+MtpA4OmlpYqW\n-----END PRIVATE KEY-----\n",
            "public_key_fingerprint_md5": "51:15:52:ac:f9:d7:b1:d9:38:85:06:9a:0b:fa:66:47",
            "public_key_fingerprint_sha256": "SHA256:gdMpFKpXPmFDYaVpRBZ8Pt+U35ZplilaNDTDts5gW5k",
            "public_key_openssh": "ssh-rsa AAAAB3NzaC1yc2EAAAADAQABAAACAQCwBGkyDs75iHqrURoBWzRGsk1gyqkwkS98Y2mgDU4uKx4j+fVUPlGZsSQpK1v0VNu3IKTEwKhRDiELpMKe9QBVGTuUbe2w4DpHLgc4dRIBJhg0X4vWUscL5MnFVYgvUEco7efUOSXdFVirHYfaBKdT9hPL0k6JxRJCZR8AdfEK9KFOQP/qecCsT7d9B7xf20g4KDaASQfpJy3DoKKqTUugXRAnLjaP1JDe1cssj07vFqXA3Ep7kkbNyPuwtrKvb25x9yOVqzIqPvd6n+TnpQ1IEL1oWk293vg0nTveoCrOOabBojAEIr0BG8wRXeKL7Rt3iXLnCt4qRYqBYrnpJxI3VlHlURNa+dZXCVAGDzD//hPv43eFDDUwPirq6nCcpuAkOh1shdtTi6ZBeF6g6fQ2KcNoT1EfSc387yxXAa/7/cc8TLXnnQTnpYNri87V032tH8H/Y5BtCdZrh+51wRv/V0ek8FRDn6899Q9qDHu0a5RxX3inNUiXdOWpP3CN0YqlFpK3enyRf2taWnGkz2VxZo+ZMRnOvSZ2PoWJ83tk5AVHEukbr92iyqINKlKicHZLPo7JkInkgkI6sI9NM8VBaDbQcvByGITHeMLR3S1EYpAQ7Mdk9Frzacl1gUyVze6L6KY65tii+lmeRtVAAwz4wvn4yMGcN8hsWcOAqic7Vw==\n",
            "public_key_pem": "-----BEGIN PUBLIC KEY-----\nMIICIjANBgkqhkiG9w0BAQEFAAOCAg8AMIICCgKCAgEAsARpMg7O+Yh6q1EaAVs0\nRrJNYMqpMJEvfGNpoA1OLiseI/n1VD5RmbEkKStb9FTbtyCkxMCoUQ4hC6TCnvUA\nVRk7lG3tsOA6Ry4HOHUSASYYNF+L1lLHC+TJxVWIL1BHKO3n1Dkl3RVYqx2H2gSn\nU/YTy9JOicUSQmUfAHXxCvShTkD/6nnArE+3fQe8X9tIOCg2gEkH6Sctw6Ciqk1L\noF0QJy42j9SQ3tXLLI9O7xalwNxKe5JGzcj7sLayr29ucfcjlasyKj73ep/k56UN\nSBC9aFpNvd74NJ073qAqzjmmwaIwBCK9ARvMEV3ii+0bd4ly5wreKkWKgWK56ScS\nN1ZR5VETWvnWVwlQBg8w//4T7+N3hQw1MD4q6upwnKbgJDodbIXbU4umQXheoOn0\nNinDaE9RH0nN/O8sVwGv+/3HPEy1550E56WDa4vO1dN9rR/B/2OQbQnWa4fudcEb\n/1dHpPBUQ5+vPfUPagx7tGuUcV94pzVIl3TlqT9wjdGKpRaSt3p8kX9rWlpxpM9l\ncWaPmTEZzr0mdj6FifN7ZOQFRxLpG6/dosqiDSpSonB2Sz6OyZCJ5IJCOrCPTTPF\nQWg20HLwchiEx3jC0d0tRGKQEOzHZPRa82nJdYFMlc3ui+imOubYovpZnkbVQAMM\n+ML5+MjBnDfIbFnDgKonO1cCAwEAAQ==\n-----END PUBLIC KEY-----\n",
            "rsa_bits": 4096
          },
          "sensitive_attributes": []
        }
      ]
    }
  ],
  "check_results": null
}
